// !$*UTF8*$!
{
	archiveVersion = 1;
	classes = {
	};
	objectVersion = 56;
	objects = {

/* Begin PBXBuildFile section */
		BCA4F7E32BAC4053004AB6E4 /* AirBNBSwiftUICloneApp.swift in Sources */ = {isa = PBXBuildFile; fileRef = BCA4F7E22BAC4053004AB6E4 /* AirBNBSwiftUICloneApp.swift */; };
		BCA4F7E52BAC4053004AB6E4 /* ContentView.swift in Sources */ = {isa = PBXBuildFile; fileRef = BCA4F7E42BAC4053004AB6E4 /* ContentView.swift */; };
		BCA4F7E72BAC4055004AB6E4 /* Assets.xcassets in Resources */ = {isa = PBXBuildFile; fileRef = BCA4F7E62BAC4055004AB6E4 /* Assets.xcassets */; };
		BCA4F7EA2BAC4055004AB6E4 /* Preview Assets.xcassets in Resources */ = {isa = PBXBuildFile; fileRef = BCA4F7E92BAC4055004AB6E4 /* Preview Assets.xcassets */; };
		BCA4F7F42BAC4055004AB6E4 /* AirBNBSwiftUICloneTests.swift in Sources */ = {isa = PBXBuildFile; fileRef = BCA4F7F32BAC4055004AB6E4 /* AirBNBSwiftUICloneTests.swift */; };
		BCA4F7FE2BAC4055004AB6E4 /* AirBNBSwiftUICloneUITests.swift in Sources */ = {isa = PBXBuildFile; fileRef = BCA4F7FD2BAC4055004AB6E4 /* AirBNBSwiftUICloneUITests.swift */; };
		BCA4F8002BAC4055004AB6E4 /* AirBNBSwiftUICloneUITestsLaunchTests.swift in Sources */ = {isa = PBXBuildFile; fileRef = BCA4F7FF2BAC4055004AB6E4 /* AirBNBSwiftUICloneUITestsLaunchTests.swift */; };
/* End PBXBuildFile section */

/* Begin PBXContainerItemProxy section */
		BCA4F7F02BAC4055004AB6E4 /* PBXContainerItemProxy */ = {
			isa = PBXContainerItemProxy;
			containerPortal = BCA4F7D72BAC4053004AB6E4 /* Project object */;
			proxyType = 1;
			remoteGlobalIDString = BCA4F7DE2BAC4053004AB6E4;
			remoteInfo = AirBNBSwiftUIClone;
		};
		BCA4F7FA2BAC4055004AB6E4 /* PBXContainerItemProxy */ = {
			isa = PBXContainerItemProxy;
			containerPortal = BCA4F7D72BAC4053004AB6E4 /* Project object */;
			proxyType = 1;
			remoteGlobalIDString = BCA4F7DE2BAC4053004AB6E4;
			remoteInfo = AirBNBSwiftUIClone;
		};
/* End PBXContainerItemProxy section */

/* Begin PBXFileReference section */
		BCA4F7DF2BAC4053004AB6E4 /* AirBNBSwiftUIClone.app */ = {isa = PBXFileReference; explicitFileType = wrapper.application; includeInIndex = 0; path = AirBNBSwiftUIClone.app; sourceTree = BUILT_PRODUCTS_DIR; };
		BCA4F7E22BAC4053004AB6E4 /* AirBNBSwiftUICloneApp.swift */ = {isa = PBXFileReference; lastKnownFileType = sourcecode.swift; path = AirBNBSwiftUICloneApp.swift; sourceTree = "<group>"; };
		BCA4F7E42BAC4053004AB6E4 /* ContentView.swift */ = {isa = PBXFileReference; lastKnownFileType = sourcecode.swift; path = ContentView.swift; sourceTree = "<group>"; };
		BCA4F7E62BAC4055004AB6E4 /* Assets.xcassets */ = {isa = PBXFileReference; lastKnownFileType = folder.assetcatalog; path = Assets.xcassets; sourceTree = "<group>"; };
		BCA4F7E92BAC4055004AB6E4 /* Preview Assets.xcassets */ = {isa = PBXFileReference; lastKnownFileType = folder.assetcatalog; path = "Preview Assets.xcassets"; sourceTree = "<group>"; };
		BCA4F7EF2BAC4055004AB6E4 /* AirBNBSwiftUICloneTests.xctest */ = {isa = PBXFileReference; explicitFileType = wrapper.cfbundle; includeInIndex = 0; path = AirBNBSwiftUICloneTests.xctest; sourceTree = BUILT_PRODUCTS_DIR; };
		BCA4F7F32BAC4055004AB6E4 /* AirBNBSwiftUICloneTests.swift */ = {isa = PBXFileReference; lastKnownFileType = sourcecode.swift; path = AirBNBSwiftUICloneTests.swift; sourceTree = "<group>"; };
		BCA4F7F92BAC4055004AB6E4 /* AirBNBSwiftUICloneUITests.xctest */ = {isa = PBXFileReference; explicitFileType = wrapper.cfbundle; includeInIndex = 0; path = AirBNBSwiftUICloneUITests.xctest; sourceTree = BUILT_PRODUCTS_DIR; };
		BCA4F7FD2BAC4055004AB6E4 /* AirBNBSwiftUICloneUITests.swift */ = {isa = PBXFileReference; lastKnownFileType = sourcecode.swift; path = AirBNBSwiftUICloneUITests.swift; sourceTree = "<group>"; };
		BCA4F7FF2BAC4055004AB6E4 /* AirBNBSwiftUICloneUITestsLaunchTests.swift */ = {isa = PBXFileReference; lastKnownFileType = sourcecode.swift; path = AirBNBSwiftUICloneUITestsLaunchTests.swift; sourceTree = "<group>"; };
/* End PBXFileReference section */

/* Begin PBXFrameworksBuildPhase section */
		BCA4F7DC2BAC4053004AB6E4 /* Frameworks */ = {
			isa = PBXFrameworksBuildPhase;
			buildActionMask = 2147483647;
			files = (
			);
			runOnlyForDeploymentPostprocessing = 0;
		};
		BCA4F7EC2BAC4055004AB6E4 /* Frameworks */ = {
			isa = PBXFrameworksBuildPhase;
			buildActionMask = 2147483647;
			files = (
			);
			runOnlyForDeploymentPostprocessing = 0;
		};
		BCA4F7F62BAC4055004AB6E4 /* Frameworks */ = {
			isa = PBXFrameworksBuildPhase;
			buildActionMask = 2147483647;
			files = (
			);
			runOnlyForDeploymentPostprocessing = 0;
		};
/* End PBXFrameworksBuildPhase section */

/* Begin PBXGroup section */
		BCA4F7D62BAC4053004AB6E4 = {
			isa = PBXGroup;
			children = (
				BCA4F7E12BAC4053004AB6E4 /* AirBNBSwiftUIClone */,
				BCA4F7F22BAC4055004AB6E4 /* AirBNBSwiftUICloneTests */,
				BCA4F7FC2BAC4055004AB6E4 /* AirBNBSwiftUICloneUITests */,
				BCA4F7E02BAC4053004AB6E4 /* Products */,
			);
			sourceTree = "<group>";
		};
		BCA4F7E02BAC4053004AB6E4 /* Products */ = {
			isa = PBXGroup;
			children = (
				BCA4F7DF2BAC4053004AB6E4 /* AirBNBSwiftUIClone.app */,
				BCA4F7EF2BAC4055004AB6E4 /* AirBNBSwiftUICloneTests.xctest */,
				BCA4F7F92BAC4055004AB6E4 /* AirBNBSwiftUICloneUITests.xctest */,
			);
			name = Products;
			sourceTree = "<group>";
		};
		BCA4F7E12BAC4053004AB6E4 /* AirBNBSwiftUIClone */ = {
			isa = PBXGroup;
			children = (
				BCA4F7E22BAC4053004AB6E4 /* AirBNBSwiftUICloneApp.swift */,
				BCA4F7E42BAC4053004AB6E4 /* ContentView.swift */,
				BCA4F7E62BAC4055004AB6E4 /* Assets.xcassets */,
				BCA4F7E82BAC4055004AB6E4 /* Preview Content */,
			);
			path = AirBNBSwiftUIClone;
			sourceTree = "<group>";
		};
		BCA4F7E82BAC4055004AB6E4 /* Preview Content */ = {
			isa = PBXGroup;
			children = (
				BCA4F7E92BAC4055004AB6E4 /* Preview Assets.xcassets */,
			);
			path = "Preview Content";
			sourceTree = "<group>";
		};
		BCA4F7F22BAC4055004AB6E4 /* AirBNBSwiftUICloneTests */ = {
			isa = PBXGroup;
			children = (
				BCA4F7F32BAC4055004AB6E4 /* AirBNBSwiftUICloneTests.swift */,
			);
			path = AirBNBSwiftUICloneTests;
			sourceTree = "<group>";
		};
		BCA4F7FC2BAC4055004AB6E4 /* AirBNBSwiftUICloneUITests */ = {
			isa = PBXGroup;
			children = (
				BCA4F7FD2BAC4055004AB6E4 /* AirBNBSwiftUICloneUITests.swift */,
				BCA4F7FF2BAC4055004AB6E4 /* AirBNBSwiftUICloneUITestsLaunchTests.swift */,
			);
			path = AirBNBSwiftUICloneUITests;
			sourceTree = "<group>";
		};
/* End PBXGroup section */

/* Begin PBXNativeTarget section */
		BCA4F7DE2BAC4053004AB6E4 /* AirBNBSwiftUIClone */ = {
			isa = PBXNativeTarget;
			buildConfigurationList = BCA4F8032BAC4055004AB6E4 /* Build configuration list for PBXNativeTarget "AirBNBSwiftUIClone" */;
			buildPhases = (
				BCA4F7DB2BAC4053004AB6E4 /* Sources */,
				BCA4F7DC2BAC4053004AB6E4 /* Frameworks */,
				BCA4F7DD2BAC4053004AB6E4 /* Resources */,
			);
			buildRules = (
			);
			dependencies = (
			);
			name = AirBNBSwiftUIClone;
			productName = AirBNBSwiftUIClone;
			productReference = BCA4F7DF2BAC4053004AB6E4 /* AirBNBSwiftUIClone.app */;
			productType = "com.apple.product-type.application";
		};
		BCA4F7EE2BAC4055004AB6E4 /* AirBNBSwiftUICloneTests */ = {
			isa = PBXNativeTarget;
			buildConfigurationList = BCA4F8062BAC4055004AB6E4 /* Build configuration list for PBXNativeTarget "AirBNBSwiftUICloneTests" */;
			buildPhases = (
				BCA4F7EB2BAC4055004AB6E4 /* Sources */,
				BCA4F7EC2BAC4055004AB6E4 /* Frameworks */,
				BCA4F7ED2BAC4055004AB6E4 /* Resources */,
			);
			buildRules = (
			);
			dependencies = (
				BCA4F7F12BAC4055004AB6E4 /* PBXTargetDependency */,
			);
			name = AirBNBSwiftUICloneTests;
			productName = AirBNBSwiftUICloneTests;
			productReference = BCA4F7EF2BAC4055004AB6E4 /* AirBNBSwiftUICloneTests.xctest */;
			productType = "com.apple.product-type.bundle.unit-test";
		};
		BCA4F7F82BAC4055004AB6E4 /* AirBNBSwiftUICloneUITests */ = {
			isa = PBXNativeTarget;
			buildConfigurationList = BCA4F8092BAC4055004AB6E4 /* Build configuration list for PBXNativeTarget "AirBNBSwiftUICloneUITests" */;
			buildPhases = (
				BCA4F7F52BAC4055004AB6E4 /* Sources */,
				BCA4F7F62BAC4055004AB6E4 /* Frameworks */,
				BCA4F7F72BAC4055004AB6E4 /* Resources */,
			);
			buildRules = (
			);
			dependencies = (
				BCA4F7FB2BAC4055004AB6E4 /* PBXTargetDependency */,
			);
			name = AirBNBSwiftUICloneUITests;
			productName = AirBNBSwiftUICloneUITests;
			productReference = BCA4F7F92BAC4055004AB6E4 /* AirBNBSwiftUICloneUITests.xctest */;
			productType = "com.apple.product-type.bundle.ui-testing";
		};
/* End PBXNativeTarget section */

/* Begin PBXProject section */
		BCA4F7D72BAC4053004AB6E4 /* Project object */ = {
			isa = PBXProject;
			attributes = {
				BuildIndependentTargetsInParallel = 1;
				LastSwiftUpdateCheck = 1530;
				LastUpgradeCheck = 1530;
				TargetAttributes = {
					BCA4F7DE2BAC4053004AB6E4 = {
						CreatedOnToolsVersion = 15.3;
					};
					BCA4F7EE2BAC4055004AB6E4 = {
						CreatedOnToolsVersion = 15.3;
						TestTargetID = BCA4F7DE2BAC4053004AB6E4;
					};
					BCA4F7F82BAC4055004AB6E4 = {
						CreatedOnToolsVersion = 15.3;
						TestTargetID = BCA4F7DE2BAC4053004AB6E4;
					};
				};
			};
			buildConfigurationList = BCA4F7DA2BAC4053004AB6E4 /* Build configuration list for PBXProject "AirBNBSwiftUIClone" */;
			compatibilityVersion = "Xcode 14.0";
			developmentRegion = en;
			hasScannedForEncodings = 0;
			knownRegions = (
				en,
				Base,
			);
			mainGroup = BCA4F7D62BAC4053004AB6E4;
			productRefGroup = BCA4F7E02BAC4053004AB6E4 /* Products */;
			projectDirPath = "";
			projectRoot = "";
			targets = (
				BCA4F7DE2BAC4053004AB6E4 /* AirBNBSwiftUIClone */,
				BCA4F7EE2BAC4055004AB6E4 /* AirBNBSwiftUICloneTests */,
				BCA4F7F82BAC4055004AB6E4 /* AirBNBSwiftUICloneUITests */,
			);
		};
/* End PBXProject section */

/* Begin PBXResourcesBuildPhase section */
		BCA4F7DD2BAC4053004AB6E4 /* Resources */ = {
			isa = PBXResourcesBuildPhase;
			buildActionMask = 2147483647;
			files = (
				BCA4F7EA2BAC4055004AB6E4 /* Preview Assets.xcassets in Resources */,
				BCA4F7E72BAC4055004AB6E4 /* Assets.xcassets in Resources */,
			);
			runOnlyForDeploymentPostprocessing = 0;
		};
		BCA4F7ED2BAC4055004AB6E4 /* Resources */ = {
			isa = PBXResourcesBuildPhase;
			buildActionMask = 2147483647;
			files = (
			);
			runOnlyForDeploymentPostprocessing = 0;
		};
		BCA4F7F72BAC4055004AB6E4 /* Resources */ = {
			isa = PBXResourcesBuildPhase;
			buildActionMask = 2147483647;
			files = (
			);
			runOnlyForDeploymentPostprocessing = 0;
		};
/* End PBXResourcesBuildPhase section */

/* Begin PBXSourcesBuildPhase section */
		BCA4F7DB2BAC4053004AB6E4 /* Sources */ = {
			isa = PBXSourcesBuildPhase;
			buildActionMask = 2147483647;
			files = (
				BCA4F7E52BAC4053004AB6E4 /* ContentView.swift in Sources */,
				BCA4F7E32BAC4053004AB6E4 /* AirBNBSwiftUICloneApp.swift in Sources */,
			);
			runOnlyForDeploymentPostprocessing = 0;
		};
		BCA4F7EB2BAC4055004AB6E4 /* Sources */ = {
			isa = PBXSourcesBuildPhase;
			buildActionMask = 2147483647;
			files = (
				BCA4F7F42BAC4055004AB6E4 /* AirBNBSwiftUICloneTests.swift in Sources */,
			);
			runOnlyForDeploymentPostprocessing = 0;
		};
		BCA4F7F52BAC4055004AB6E4 /* Sources */ = {
			isa = PBXSourcesBuildPhase;
			buildActionMask = 2147483647;
			files = (
				BCA4F8002BAC4055004AB6E4 /* AirBNBSwiftUICloneUITestsLaunchTests.swift in Sources */,
				BCA4F7FE2BAC4055004AB6E4 /* AirBNBSwiftUICloneUITests.swift in Sources */,
			);
			runOnlyForDeploymentPostprocessing = 0;
		};
/* End PBXSourcesBuildPhase section */

/* Begin PBXTargetDependency section */
		BCA4F7F12BAC4055004AB6E4 /* PBXTargetDependency */ = {
			isa = PBXTargetDependency;
			target = BCA4F7DE2BAC4053004AB6E4 /* AirBNBSwiftUIClone */;
			targetProxy = BCA4F7F02BAC4055004AB6E4 /* PBXContainerItemProxy */;
		};
		BCA4F7FB2BAC4055004AB6E4 /* PBXTargetDependency */ = {
			isa = PBXTargetDependency;
			target = BCA4F7DE2BAC4053004AB6E4 /* AirBNBSwiftUIClone */;
			targetProxy = BCA4F7FA2BAC4055004AB6E4 /* PBXContainerItemProxy */;
		};
/* End PBXTargetDependency section */

/* Begin XCBuildConfiguration section */
		BCA4F8012BAC4055004AB6E4 /* Debug */ = {
			isa = XCBuildConfiguration;
			buildSettings = {
				ALWAYS_SEARCH_USER_PATHS = NO;
				ASSETCATALOG_COMPILER_GENERATE_SWIFT_ASSET_SYMBOL_EXTENSIONS = YES;
				CLANG_ANALYZER_NONNULL = YES;
				CLANG_ANALYZER_NUMBER_OBJECT_CONVERSION = YES_AGGRESSIVE;
				CLANG_CXX_LANGUAGE_STANDARD = "gnu++20";
				CLANG_ENABLE_MODULES = YES;
				CLANG_ENABLE_OBJC_ARC = YES;
				CLANG_ENABLE_OBJC_WEAK = YES;
				CLANG_WARN_BLOCK_CAPTURE_AUTORELEASING = YES;
				CLANG_WARN_BOOL_CONVERSION = YES;
				CLANG_WARN_COMMA = YES;
				CLANG_WARN_CONSTANT_CONVERSION = YES;
				CLANG_WARN_DEPRECATED_OBJC_IMPLEMENTATIONS = YES;
				CLANG_WARN_DIRECT_OBJC_ISA_USAGE = YES_ERROR;
				CLANG_WARN_DOCUMENTATION_COMMENTS = YES;
				CLANG_WARN_EMPTY_BODY = YES;
				CLANG_WARN_ENUM_CONVERSION = YES;
				CLANG_WARN_INFINITE_RECURSION = YES;
				CLANG_WARN_INT_CONVERSION = YES;
				CLANG_WARN_NON_LITERAL_NULL_CONVERSION = YES;
				CLANG_WARN_OBJC_IMPLICIT_RETAIN_SELF = YES;
				CLANG_WARN_OBJC_LITERAL_CONVERSION = YES;
				CLANG_WARN_OBJC_ROOT_CLASS = YES_ERROR;
				CLANG_WARN_QUOTED_INCLUDE_IN_FRAMEWORK_HEADER = YES;
				CLANG_WARN_RANGE_LOOP_ANALYSIS = YES;
				CLANG_WARN_STRICT_PROTOTYPES = YES;
				CLANG_WARN_SUSPICIOUS_MOVE = YES;
				CLANG_WARN_UNGUARDED_AVAILABILITY = YES_AGGRESSIVE;
				CLANG_WARN_UNREACHABLE_CODE = YES;
				CLANG_WARN__DUPLICATE_METHOD_MATCH = YES;
				COPY_PHASE_STRIP = NO;
				DEBUG_INFORMATION_FORMAT = dwarf;
				ENABLE_STRICT_OBJC_MSGSEND = YES;
				ENABLE_TESTABILITY = YES;
				ENABLE_USER_SCRIPT_SANDBOXING = YES;
				GCC_C_LANGUAGE_STANDARD = gnu17;
				GCC_DYNAMIC_NO_PIC = NO;
				GCC_NO_COMMON_BLOCKS = YES;
				GCC_OPTIMIZATION_LEVEL = 0;
				GCC_PREPROCESSOR_DEFINITIONS = (
					"DEBUG=1",
					"$(inherited)",
				);
				GCC_WARN_64_TO_32_BIT_CONVERSION = YES;
				GCC_WARN_ABOUT_RETURN_TYPE = YES_ERROR;
				GCC_WARN_UNDECLARED_SELECTOR = YES;
				GCC_WARN_UNINITIALIZED_AUTOS = YES_AGGRESSIVE;
				GCC_WARN_UNUSED_FUNCTION = YES;
				GCC_WARN_UNUSED_VARIABLE = YES;
				IPHONEOS_DEPLOYMENT_TARGET = 17.4;
				LOCALIZATION_PREFERS_STRING_CATALOGS = YES;
				MTL_ENABLE_DEBUG_INFO = INCLUDE_SOURCE;
				MTL_FAST_MATH = YES;
				ONLY_ACTIVE_ARCH = YES;
				SDKROOT = iphoneos;
				SWIFT_ACTIVE_COMPILATION_CONDITIONS = "DEBUG $(inherited)";
				SWIFT_OPTIMIZATION_LEVEL = "-Onone";
			};
			name = Debug;
		};
		BCA4F8022BAC4055004AB6E4 /* Release */ = {
			isa = XCBuildConfiguration;
			buildSettings = {
				ALWAYS_SEARCH_USER_PATHS = NO;
				ASSETCATALOG_COMPILER_GENERATE_SWIFT_ASSET_SYMBOL_EXTENSIONS = YES;
				CLANG_ANALYZER_NONNULL = YES;
				CLANG_ANALYZER_NUMBER_OBJECT_CONVERSION = YES_AGGRESSIVE;
				CLANG_CXX_LANGUAGE_STANDARD = "gnu++20";
				CLANG_ENABLE_MODULES = YES;
				CLANG_ENABLE_OBJC_ARC = YES;
				CLANG_ENABLE_OBJC_WEAK = YES;
				CLANG_WARN_BLOCK_CAPTURE_AUTORELEASING = YES;
				CLANG_WARN_BOOL_CONVERSION = YES;
				CLANG_WARN_COMMA = YES;
				CLANG_WARN_CONSTANT_CONVERSION = YES;
				CLANG_WARN_DEPRECATED_OBJC_IMPLEMENTATIONS = YES;
				CLANG_WARN_DIRECT_OBJC_ISA_USAGE = YES_ERROR;
				CLANG_WARN_DOCUMENTATION_COMMENTS = YES;
				CLANG_WARN_EMPTY_BODY = YES;
				CLANG_WARN_ENUM_CONVERSION = YES;
				CLANG_WARN_INFINITE_RECURSION = YES;
				CLANG_WARN_INT_CONVERSION = YES;
				CLANG_WARN_NON_LITERAL_NULL_CONVERSION = YES;
				CLANG_WARN_OBJC_IMPLICIT_RETAIN_SELF = YES;
				CLANG_WARN_OBJC_LITERAL_CONVERSION = YES;
				CLANG_WARN_OBJC_ROOT_CLASS = YES_ERROR;
				CLANG_WARN_QUOTED_INCLUDE_IN_FRAMEWORK_HEADER = YES;
				CLANG_WARN_RANGE_LOOP_ANALYSIS = YES;
				CLANG_WARN_STRICT_PROTOTYPES = YES;
				CLANG_WARN_SUSPICIOUS_MOVE = YES;
				CLANG_WARN_UNGUARDED_AVAILABILITY = YES_AGGRESSIVE;
				CLANG_WARN_UNREACHABLE_CODE = YES;
				CLANG_WARN__DUPLICATE_METHOD_MATCH = YES;
				COPY_PHASE_STRIP = NO;
				DEBUG_INFORMATION_FORMAT = "dwarf-with-dsym";
				ENABLE_NS_ASSERTIONS = NO;
				ENABLE_STRICT_OBJC_MSGSEND = YES;
				ENABLE_USER_SCRIPT_SANDBOXING = YES;
				GCC_C_LANGUAGE_STANDARD = gnu17;
				GCC_NO_COMMON_BLOCKS = YES;
				GCC_WARN_64_TO_32_BIT_CONVERSION = YES;
				GCC_WARN_ABOUT_RETURN_TYPE = YES_ERROR;
				GCC_WARN_UNDECLARED_SELECTOR = YES;
				GCC_WARN_UNINITIALIZED_AUTOS = YES_AGGRESSIVE;
				GCC_WARN_UNUSED_FUNCTION = YES;
				GCC_WARN_UNUSED_VARIABLE = YES;
				IPHONEOS_DEPLOYMENT_TARGET = 17.4;
				LOCALIZATION_PREFERS_STRING_CATALOGS = YES;
				MTL_ENABLE_DEBUG_INFO = NO;
				MTL_FAST_MATH = YES;
				SDKROOT = iphoneos;
				SWIFT_COMPILATION_MODE = wholemodule;
				VALIDATE_PRODUCT = YES;
			};
			name = Release;
		};
		BCA4F8042BAC4055004AB6E4 /* Debug */ = {
			isa = XCBuildConfiguration;
			buildSettings = {
				ASSETCATALOG_COMPILER_APPICON_NAME = AppIcon;
				ASSETCATALOG_COMPILER_GLOBAL_ACCENT_COLOR_NAME = AccentColor;
				CODE_SIGN_STYLE = Automatic;
				CURRENT_PROJECT_VERSION = 1;
				DEVELOPMENT_ASSET_PATHS = "\"AirBNBSwiftUIClone/Preview Content\"";
				DEVELOPMENT_TEAM = KT6YTKK67V;
				ENABLE_PREVIEWS = YES;
				GENERATE_INFOPLIST_FILE = YES;
				INFOPLIST_KEY_UIApplicationSceneManifest_Generation = YES;
				INFOPLIST_KEY_UIApplicationSupportsIndirectInputEvents = YES;
				INFOPLIST_KEY_UILaunchScreen_Generation = YES;
				INFOPLIST_KEY_UISupportedInterfaceOrientations_iPad = "UIInterfaceOrientationPortrait UIInterfaceOrientationPortraitUpsideDown UIInterfaceOrientationLandscapeLeft UIInterfaceOrientationLandscapeRight";
				INFOPLIST_KEY_UISupportedInterfaceOrientations_iPhone = "UIInterfaceOrientationPortrait UIInterfaceOrientationLandscapeLeft UIInterfaceOrientationLandscapeRight";
				LD_RUNPATH_SEARCH_PATHS = (
					"$(inherited)",
					"@executable_path/Frameworks",
				);
				MARKETING_VERSION = 1.0;
				PRODUCT_BUNDLE_IDENTIFIER = com.flauta.romeo.AirBNBSwiftUIClone;
				PRODUCT_NAME = "$(TARGET_NAME)";
				SWIFT_EMIT_LOC_STRINGS = YES;
				SWIFT_VERSION = 5.0;
				TARGETED_DEVICE_FAMILY = "1,2";
			};
			name = Debug;
		};
		BCA4F8052BAC4055004AB6E4 /* Release */ = {
			isa = XCBuildConfiguration;
			buildSettings = {
				ASSETCATALOG_COMPILER_APPICON_NAME = AppIcon;
				ASSETCATALOG_COMPILER_GLOBAL_ACCENT_COLOR_NAME = AccentColor;
				CODE_SIGN_STYLE = Automatic;
				CURRENT_PROJECT_VERSION = 1;
				DEVELOPMENT_ASSET_PATHS = "\"AirBNBSwiftUIClone/Preview Content\"";
				DEVELOPMENT_TEAM = KT6YTKK67V;
				ENABLE_PREVIEWS = YES;
				GENERATE_INFOPLIST_FILE = YES;
				INFOPLIST_KEY_UIApplicationSceneManifest_Generation = YES;
				INFOPLIST_KEY_UIApplicationSupportsIndirectInputEvents = YES;
				INFOPLIST_KEY_UILaunchScreen_Generation = YES;
				INFOPLIST_KEY_UISupportedInterfaceOrientations_iPad = "UIInterfaceOrientationPortrait UIInterfaceOrientationPortraitUpsideDown UIInterfaceOrientationLandscapeLeft UIInterfaceOrientationLandscapeRight";
				INFOPLIST_KEY_UISupportedInterfaceOrientations_iPhone = "UIInterfaceOrientationPortrait UIInterfaceOrientationLandscapeLeft UIInterfaceOrientationLandscapeRight";
				LD_RUNPATH_SEARCH_PATHS = (
					"$(inherited)",
					"@executable_path/Frameworks",
				);
				MARKETING_VERSION = 1.0;
				PRODUCT_BUNDLE_IDENTIFIER = com.flauta.romeo.AirBNBSwiftUIClone;
				PRODUCT_NAME = "$(TARGET_NAME)";
				SWIFT_EMIT_LOC_STRINGS = YES;
				SWIFT_VERSION = 5.0;
				TARGETED_DEVICE_FAMILY = "1,2";
			};
			name = Release;
		};
		BCA4F8072BAC4055004AB6E4 /* Debug */ = {
			isa = XCBuildConfiguration;
			buildSettings = {
				ALWAYS_EMBED_SWIFT_STANDARD_LIBRARIES = YES;
				BUNDLE_LOADER = "$(TEST_HOST)";
				CODE_SIGN_STYLE = Automatic;
				CURRENT_PROJECT_VERSION = 1;
				DEVELOPMENT_TEAM = KT6YTKK67V;
				GENERATE_INFOPLIST_FILE = YES;
				IPHONEOS_DEPLOYMENT_TARGET = 17.4;
				MARKETING_VERSION = 1.0;
				PRODUCT_BUNDLE_IDENTIFIER = com.flauta.romeo.AirBNBSwiftUICloneTests;
				PRODUCT_NAME = "$(TARGET_NAME)";
				SWIFT_EMIT_LOC_STRINGS = NO;
				SWIFT_VERSION = 5.0;
				TARGETED_DEVICE_FAMILY = "1,2";
				TEST_HOST = "$(BUILT_PRODUCTS_DIR)/AirBNBSwiftUIClone.app/$(BUNDLE_EXECUTABLE_FOLDER_PATH)/AirBNBSwiftUIClone";
			};
			name = Debug;
		};
		BCA4F8082BAC4055004AB6E4 /* Release */ = {
			isa = XCBuildConfiguration;
			buildSettings = {
				ALWAYS_EMBED_SWIFT_STANDARD_LIBRARIES = YES;
				BUNDLE_LOADER = "$(TEST_HOST)";
				CODE_SIGN_STYLE = Automatic;
				CURRENT_PROJECT_VERSION = 1;
				DEVELOPMENT_TEAM = KT6YTKK67V;
				GENERATE_INFOPLIST_FILE = YES;
				IPHONEOS_DEPLOYMENT_TARGET = 17.4;
				MARKETING_VERSION = 1.0;
				PRODUCT_BUNDLE_IDENTIFIER = com.flauta.romeo.AirBNBSwiftUICloneTests;
				PRODUCT_NAME = "$(TARGET_NAME)";
				SWIFT_EMIT_LOC_STRINGS = NO;
				SWIFT_VERSION = 5.0;
				TARGETED_DEVICE_FAMILY = "1,2";
				TEST_HOST = "$(BUILT_PRODUCTS_DIR)/AirBNBSwiftUIClone.app/$(BUNDLE_EXECUTABLE_FOLDER_PATH)/AirBNBSwiftUIClone";
			};
			name = Release;
		};
		BCA4F80A2BAC4055004AB6E4 /* Debug */ = {
			isa = XCBuildConfiguration;
			buildSettings = {
				ALWAYS_EMBED_SWIFT_STANDARD_LIBRARIES = YES;
				CODE_SIGN_STYLE = Automatic;
				CURRENT_PROJECT_VERSION = 1;
				DEVELOPMENT_TEAM = KT6YTKK67V;
				GENERATE_INFOPLIST_FILE = YES;
				MARKETING_VERSION = 1.0;
				PRODUCT_BUNDLE_IDENTIFIER = com.flauta.romeo.AirBNBSwiftUICloneUITests;
				PRODUCT_NAME = "$(TARGET_NAME)";
				SWIFT_EMIT_LOC_STRINGS = NO;
				SWIFT_VERSION = 5.0;
				TARGETED_DEVICE_FAMILY = "1,2";
				TEST_TARGET_NAME = AirBNBSwiftUIClone;
			};
			name = Debug;
		};
		BCA4F80B2BAC4055004AB6E4 /* Release */ = {
			isa = XCBuildConfiguration;
			buildSettings = {
				ALWAYS_EMBED_SWIFT_STANDARD_LIBRARIES = YES;
				CODE_SIGN_STYLE = Automatic;
				CURRENT_PROJECT_VERSION = 1;
				DEVELOPMENT_TEAM = KT6YTKK67V;
				GENERATE_INFOPLIST_FILE = YES;
				MARKETING_VERSION = 1.0;
				PRODUCT_BUNDLE_IDENTIFIER = com.flauta.romeo.AirBNBSwiftUICloneUITests;
				PRODUCT_NAME = "$(TARGET_NAME)";
				SWIFT_EMIT_LOC_STRINGS = NO;
				SWIFT_VERSION = 5.0;
				TARGETED_DEVICE_FAMILY = "1,2";
				TEST_TARGET_NAME = AirBNBSwiftUIClone;
			};
			name = Release;
		};
/* End XCBuildConfiguration section */

/* Begin XCConfigurationList section */
		BCA4F7DA2BAC4053004AB6E4 /* Build configuration list for PBXProject "AirBNBSwiftUIClone" */ = {
			isa = XCConfigurationList;
			buildConfigurations = (
				BCA4F8012BAC4055004AB6E4 /* Debug */,
				BCA4F8022BAC4055004AB6E4 /* Release */,
			);
			defaultConfigurationIsVisible = 0;
			defaultConfigurationName = Release;
		};
		BCA4F8032BAC4055004AB6E4 /* Build configuration list for PBXNativeTarget "AirBNBSwiftUIClone" */ = {
			isa = XCConfigurationList;
			buildConfigurations = (
				BCA4F8042BAC4055004AB6E4 /* Debug */,
				BCA4F8052BAC4055004AB6E4 /* Release */,
			);
			defaultConfigurationIsVisible = 0;
			defaultConfigurationName = Release;
		};
		BCA4F8062BAC4055004AB6E4 /* Build configuration list for PBXNativeTarget "AirBNBSwiftUICloneTests" */ = {
			isa = XCConfigurationList;
			buildConfigurations = (
				BCA4F8072BAC4055004AB6E4 /* Debug */,
				BCA4F8082BAC4055004AB6E4 /* Release */,
			);
			defaultConfigurationIsVisible = 0;
			defaultConfigurationName = Release;
		};
		BCA4F8092BAC4055004AB6E4 /* Build configuration list for PBXNativeTarget "AirBNBSwiftUICloneUITests" */ = {
			isa = XCConfigurationList;
			buildConfigurations = (
				BCA4F80A2BAC4055004AB6E4 /* Debug */,
				BCA4F80B2BAC4055004AB6E4 /* Release */,
			);
			defaultConfigurationIsVisible = 0;
			defaultConfigurationName = Release;
		};
/* End XCConfigurationList section */
	};
	rootObject = BCA4F7D72BAC4053004AB6E4 /* Project object */;
}
